
Microsoft Visual Studio Solution File, Format Version 12.00
# Visual Studio Version 16
VisualStudioVersion = 16.0.30804.86
MinimumVisualStudioVersion = 10.0.40219.1
Project("{8BC9CEB8-8B4A-11D0-8D11-00A0C91BC942}") = "AutoScroller", "AutoScroller\AutoScroller.vcxproj", "{23FF339F-EFA4-47FB-9ACE-5604640B7267}"
EndProject
Global
	GlobalSection(SolutionConfigurationPlatforms) = preSolution
		Debug|x64 = Debug|x64
		Debug|x86 = Debug|x86
		Release|x64 = Release|x64
		Release|x86 = Release|x86
	EndGlobalSection
	GlobalSection(ProjectConfigurationPlatforms) = postSolution
		{23FF339F-EFA4-47FB-9ACE-5604640B7267}.Debug|x64.ActiveCfg = Debug|x64
		{23FF339F-EFA4-47FB-9ACE-5604640B7267}.Debug|x64.Build.0 = Debug|x64
		{23FF339F-EFA4-47FB-9ACE-5604640B7267}.Debug|x86.ActiveCfg = Debug|Win32
		{23FF339F-EFA4-47FB-9ACE-5604640B7267}.Debug|x86.Build.0 = Debug|Win32
		{23FF339F-EFA4-47FB-9ACE-5604640B7267}.Release|x64.ActiveCfg = Release|x64
		{23FF339F-EFA4-47FB-9ACE-5604640B7267}.Release|x64.Build.0 = Release|x64
		{23FF339F-EFA4-47FB-9ACE-5604640B7267}.Release|x86.ActiveCfg = Release|Win32
		{23FF339F-EFA4-47FB-9ACE-5604640B7267}.Release|x86.Build.0 = Release|Win32
	EndGlobalSection
	GlobalSection(SolutionProperties) = preSolution
		HideSolutionNode = FALSE
	EndGlobalSection
	GlobalSection(ExtensibilityGlobals) = postSolution
		SolutionGuid = {6662E3E6-31FC-4DF7-8785-112EB0515CB1}
	EndGlobalSection
EndGlobal
